// !$*UTF8*$!
{
	archiveVersion = 1;
	classes = {
	};
	objectVersion = 46;
	objects = {

/* Begin PBXBuildFile section */
		189C172CC5668B92CB037A5A /* Pods_PlaceRaceTests.framework in Frameworks */ = {isa = PBXBuildFile; fileRef = CE6EB81B6FC377B55AEF9FC7 /* Pods_PlaceRaceTests.framework */; };
		4C0251F01E96B11B0066244A /* CreatePlayAreaViewController.swift in Sources */ = {isa = PBXBuildFile; fileRef = 4C0251EF1E96B11B0066244A /* CreatePlayAreaViewController.swift */; };
		4C066F231E998C09004D06A4 /* GameSettingPlayFieldTableViewCell.swift in Sources */ = {isa = PBXBuildFile; fileRef = 4C066F221E998C09004D06A4 /* GameSettingPlayFieldTableViewCell.swift */; };
		4C066F251E99A328004D06A4 /* GameLobbyPlayerTableViewCell.swift in Sources */ = {isa = PBXBuildFile; fileRef = 4C066F241E99A328004D06A4 /* GameLobbyPlayerTableViewCell.swift */; };
		4C066F281E99B6BE004D06A4 /* GameLobbyViewController.swift in Sources */ = {isa = PBXBuildFile; fileRef = 4C066F271E99B6BE004D06A4 /* GameLobbyViewController.swift */; };
		4C11D1D21E93D8C6005F7CC4 /* InputValidation.swift in Sources */ = {isa = PBXBuildFile; fileRef = 4C11D1D11E93D8C6005F7CC4 /* InputValidation.swift */; };
		4C11D1D41E93EC6B005F7CC4 /* SignupViewController.swift in Sources */ = {isa = PBXBuildFile; fileRef = 4C11D1D31E93EC6B005F7CC4 /* SignupViewController.swift */; };
		4C11D1D71E9433E4005F7CC4 /* TextViewManager.swift in Sources */ = {isa = PBXBuildFile; fileRef = 4C11D1D61E9433E4005F7CC4 /* TextViewManager.swift */; };
		4C11D1D91E9435D2005F7CC4 /* SignupIssue.swift in Sources */ = {isa = PBXBuildFile; fileRef = 4C11D1D81E9435D2005F7CC4 /* SignupIssue.swift */; };
		4C11D1DD1E954999005F7CC4 /* CreateGameViewController.swift in Sources */ = {isa = PBXBuildFile; fileRef = 4C11D1DC1E954999005F7CC4 /* CreateGameViewController.swift */; };
		4C21E1E41E9A9A62006F04AE /* LobbyInteractionClearanceLevel.swift in Sources */ = {isa = PBXBuildFile; fileRef = 4C21E1E31E9A9A62006F04AE /* LobbyInteractionClearanceLevel.swift */; };
		4C21E1E81E9AFCA9006F04AE /* Race.swift in Sources */ = {isa = PBXBuildFile; fileRef = 4C21E1E71E9AFCA9006F04AE /* Race.swift */; };
		4C21E1EC1E9B0309006F04AE /* Objective.swift in Sources */ = {isa = PBXBuildFile; fileRef = 4C21E1EB1E9B0309006F04AE /* Objective.swift */; };
		4C21E1F01E9C3CD9006F04AE /* InGameViewController.swift in Sources */ = {isa = PBXBuildFile; fileRef = 4C21E1EF1E9C3CD9006F04AE /* InGameViewController.swift */; };
		4C21E1F41E9C3E2E006F04AE /* Minimap.swift in Sources */ = {isa = PBXBuildFile; fileRef = 4C21E1F31E9C3E2E006F04AE /* Minimap.swift */; };
		4C21E1F61E9C55F0006F04AE /* Gamemap.swift in Sources */ = {isa = PBXBuildFile; fileRef = 4C21E1F51E9C55F0006F04AE /* Gamemap.swift */; };
		4C4287651E9253E100A5323B /* AppDelegate.swift in Sources */ = {isa = PBXBuildFile; fileRef = 4C4287641E9253E100A5323B /* AppDelegate.swift */; };
		4C4287671E9253E100A5323B /* MainMenuViewController.swift in Sources */ = {isa = PBXBuildFile; fileRef = 4C4287661E9253E100A5323B /* MainMenuViewController.swift */; };
		4C42876A1E9253E100A5323B /* Main.storyboard in Resources */ = {isa = PBXBuildFile; fileRef = 4C4287681E9253E100A5323B /* Main.storyboard */; };
		4C42876D1E9253E100A5323B /* PlaceRace.xcdatamodeld in Sources */ = {isa = PBXBuildFile; fileRef = 4C42876B1E9253E100A5323B /* PlaceRace.xcdatamodeld */; };
		4C42876F1E9253E100A5323B /* Assets.xcassets in Resources */ = {isa = PBXBuildFile; fileRef = 4C42876E1E9253E100A5323B /* Assets.xcassets */; };
		4C4287721E9253E100A5323B /* LaunchScreen.storyboard in Resources */ = {isa = PBXBuildFile; fileRef = 4C4287701E9253E100A5323B /* LaunchScreen.storyboard */; };
		4C58A4A61EB049780029AE92 /* RouteCreator.swift in Sources */ = {isa = PBXBuildFile; fileRef = 4C58A4A51EB049780029AE92 /* RouteCreator.swift */; };
		4C58A4A81EB04BF60029AE92 /* Extensions.swift in Sources */ = {isa = PBXBuildFile; fileRef = 4C58A4A71EB04BF60029AE92 /* Extensions.swift */; };
		4C5E5DCF1E9D962100D519B3 /* ObjectiveAnnotation.swift in Sources */ = {isa = PBXBuildFile; fileRef = 4C5E5DCE1E9D962100D519B3 /* ObjectiveAnnotation.swift */; };
		4C5E5DD11E9D9B7000D519B3 /* UserAnnotation.swift in Sources */ = {isa = PBXBuildFile; fileRef = 4C5E5DD01E9D9B7000D519B3 /* UserAnnotation.swift */; };
		4C9D17C11EAF269700BA9443 /* JSONParser.swift in Sources */ = {isa = PBXBuildFile; fileRef = 4C9D17C01EAF269700BA9443 /* JSONParser.swift */; };
		4CA089341EA5D1B000DFC88A /* PlacesAPI.swift in Sources */ = {isa = PBXBuildFile; fileRef = 4CA089331EA5D1B000DFC88A /* PlacesAPI.swift */; };
		4CABC2D71E9399D300CF8B19 /* LoginViewController.swift in Sources */ = {isa = PBXBuildFile; fileRef = 4CABC2D61E9399D300CF8B19 /* LoginViewController.swift */; };
		4CE667731E965EF1009135F0 /* GameSettingPublicTableViewCell.swift in Sources */ = {isa = PBXBuildFile; fileRef = 4CE667721E965EF1009135F0 /* GameSettingPublicTableViewCell.swift */; };
		4CE667761E965F49009135F0 /* GameSettingPlayerCountTableViewCell.swift in Sources */ = {isa = PBXBuildFile; fileRef = 4CE667751E965F49009135F0 /* GameSettingPlayerCountTableViewCell.swift */; };
		4CE667781E965F5B009135F0 /* GameSettingLocationCountTableViewCell.swift in Sources */ = {isa = PBXBuildFile; fileRef = 4CE667771E965F5B009135F0 /* GameSettingLocationCountTableViewCell.swift */; };
		4CE6677A1E965F77009135F0 /* GameSettingTimeLimitTableViewCell.swift in Sources */ = {isa = PBXBuildFile; fileRef = 4CE667791E965F77009135F0 /* GameSettingTimeLimitTableViewCell.swift */; };
		4CE6677C1E965FA0009135F0 /* GameSettingPowerupsTableViewCell.swift in Sources */ = {isa = PBXBuildFile; fileRef = 4CE6677B1E965FA0009135F0 /* GameSettingPowerupsTableViewCell.swift */; };
		4CE6677E1E966F36009135F0 /* GlobalVars.swift in Sources */ = {isa = PBXBuildFile; fileRef = 4CE6677D1E966F36009135F0 /* GlobalVars.swift */; };
		4CF437F81EAF3ED800E185D2 /* ObjectiveFactory.swift in Sources */ = {isa = PBXBuildFile; fileRef = 4CF437F71EAF3ED800E185D2 /* ObjectiveFactory.swift */; };
		4CFEEAF91EA995A900EECA8C /* place.json in Resources */ = {isa = PBXBuildFile; fileRef = 4CFEEAF81EA995A900EECA8C /* place.json */; };
		4CFEEAFD1EA9E0FD00EECA8C /* PlaceFactory.swift in Sources */ = {isa = PBXBuildFile; fileRef = 4CFEEAFC1EA9E0FD00EECA8C /* PlaceFactory.swift */; };
		4CFEEB101EA9F26200EECA8C /* ObjectiveTests.swift in Sources */ = {isa = PBXBuildFile; fileRef = 4CFEEB0F1EA9F26200EECA8C /* ObjectiveTests.swift */; };
		E53E4D680BD0057835DFE8A1 /* Pods_PlaceRace.framework in Frameworks */ = {isa = PBXBuildFile; fileRef = EE6D7C2AF8E56CD5EEE93E00 /* Pods_PlaceRace.framework */; };
/* End PBXBuildFile section */

/* Begin PBXContainerItemProxy section */
		4CFEEB0A1EA9F13700EECA8C /* PBXContainerItemProxy */ = {
			isa = PBXContainerItemProxy;
			containerPortal = 4C4287591E9253E100A5323B /* Project object */;
			proxyType = 1;
			remoteGlobalIDString = 4C4287601E9253E100A5323B;
			remoteInfo = PlaceRace;
		};
/* End PBXContainerItemProxy section */

/* Begin PBXFileReference section */
		4C0251EF1E96B11B0066244A /* CreatePlayAreaViewController.swift */ = {isa = PBXFileReference; fileEncoding = 4; lastKnownFileType = sourcecode.swift; path = CreatePlayAreaViewController.swift; sourceTree = "<group>"; };
		4C066F221E998C09004D06A4 /* GameSettingPlayFieldTableViewCell.swift */ = {isa = PBXFileReference; fileEncoding = 4; lastKnownFileType = sourcecode.swift; path = GameSettingPlayFieldTableViewCell.swift; sourceTree = "<group>"; };
		4C066F241E99A328004D06A4 /* GameLobbyPlayerTableViewCell.swift */ = {isa = PBXFileReference; fileEncoding = 4; lastKnownFileType = sourcecode.swift; path = GameLobbyPlayerTableViewCell.swift; sourceTree = "<group>"; };
		4C066F271E99B6BE004D06A4 /* GameLobbyViewController.swift */ = {isa = PBXFileReference; fileEncoding = 4; lastKnownFileType = sourcecode.swift; path = GameLobbyViewController.swift; sourceTree = "<group>"; };
		4C11D1D11E93D8C6005F7CC4 /* InputValidation.swift */ = {isa = PBXFileReference; fileEncoding = 4; lastKnownFileType = sourcecode.swift; path = InputValidation.swift; sourceTree = "<group>"; };
		4C11D1D31E93EC6B005F7CC4 /* SignupViewController.swift */ = {isa = PBXFileReference; fileEncoding = 4; lastKnownFileType = sourcecode.swift; path = SignupViewController.swift; sourceTree = "<group>"; };
		4C11D1D61E9433E4005F7CC4 /* TextViewManager.swift */ = {isa = PBXFileReference; fileEncoding = 4; lastKnownFileType = sourcecode.swift; path = TextViewManager.swift; sourceTree = "<group>"; };
		4C11D1D81E9435D2005F7CC4 /* SignupIssue.swift */ = {isa = PBXFileReference; fileEncoding = 4; lastKnownFileType = sourcecode.swift; path = SignupIssue.swift; sourceTree = "<group>"; };
		4C11D1DC1E954999005F7CC4 /* CreateGameViewController.swift */ = {isa = PBXFileReference; fileEncoding = 4; lastKnownFileType = sourcecode.swift; path = CreateGameViewController.swift; sourceTree = "<group>"; };
		4C21E1E31E9A9A62006F04AE /* LobbyInteractionClearanceLevel.swift */ = {isa = PBXFileReference; fileEncoding = 4; lastKnownFileType = sourcecode.swift; path = LobbyInteractionClearanceLevel.swift; sourceTree = "<group>"; };
		4C21E1E71E9AFCA9006F04AE /* Race.swift */ = {isa = PBXFileReference; fileEncoding = 4; lastKnownFileType = sourcecode.swift; path = Race.swift; sourceTree = "<group>"; };
		4C21E1EB1E9B0309006F04AE /* Objective.swift */ = {isa = PBXFileReference; fileEncoding = 4; lastKnownFileType = sourcecode.swift; path = Objective.swift; sourceTree = "<group>"; };
		4C21E1EF1E9C3CD9006F04AE /* InGameViewController.swift */ = {isa = PBXFileReference; fileEncoding = 4; lastKnownFileType = sourcecode.swift; path = InGameViewController.swift; sourceTree = "<group>"; };
		4C21E1F31E9C3E2E006F04AE /* Minimap.swift */ = {isa = PBXFileReference; fileEncoding = 4; lastKnownFileType = sourcecode.swift; path = Minimap.swift; sourceTree = "<group>"; };
		4C21E1F51E9C55F0006F04AE /* Gamemap.swift */ = {isa = PBXFileReference; fileEncoding = 4; lastKnownFileType = sourcecode.swift; path = Gamemap.swift; sourceTree = "<group>"; };
		4C4287611E9253E100A5323B /* PlaceRace.app */ = {isa = PBXFileReference; explicitFileType = wrapper.application; includeInIndex = 0; path = PlaceRace.app; sourceTree = BUILT_PRODUCTS_DIR; };
		4C4287641E9253E100A5323B /* AppDelegate.swift */ = {isa = PBXFileReference; lastKnownFileType = sourcecode.swift; path = AppDelegate.swift; sourceTree = "<group>"; };
		4C4287661E9253E100A5323B /* MainMenuViewController.swift */ = {isa = PBXFileReference; lastKnownFileType = sourcecode.swift; path = MainMenuViewController.swift; sourceTree = "<group>"; };
		4C4287691E9253E100A5323B /* Base */ = {isa = PBXFileReference; lastKnownFileType = file.storyboard; name = Base; path = Base.lproj/Main.storyboard; sourceTree = "<group>"; };
		4C42876C1E9253E100A5323B /* PlaceRace.xcdatamodel */ = {isa = PBXFileReference; lastKnownFileType = wrapper.xcdatamodel; path = PlaceRace.xcdatamodel; sourceTree = "<group>"; };
		4C42876E1E9253E100A5323B /* Assets.xcassets */ = {isa = PBXFileReference; lastKnownFileType = folder.assetcatalog; path = Assets.xcassets; sourceTree = "<group>"; };
		4C4287711E9253E100A5323B /* Base */ = {isa = PBXFileReference; lastKnownFileType = file.storyboard; name = Base; path = Base.lproj/LaunchScreen.storyboard; sourceTree = "<group>"; };
		4C4287731E9253E100A5323B /* Info.plist */ = {isa = PBXFileReference; lastKnownFileType = text.plist.xml; path = Info.plist; sourceTree = "<group>"; };
		4C56DCCA1E92D2E600344232 /* Bolts.framework */ = {isa = PBXFileReference; lastKnownFileType = wrapper.framework; name = Bolts.framework; path = "Pods/../build/Debug-iphoneos/Bolts/Bolts.framework"; sourceTree = "<group>"; };
		4C56DCCB1E92D2E600344232 /* Parse.framework */ = {isa = PBXFileReference; lastKnownFileType = wrapper.framework; name = Parse.framework; path = "Pods/../build/Debug-iphoneos/Parse/Parse.framework"; sourceTree = "<group>"; };
		4C56DCCC1E92D2E600344232 /* ParseUI.framework */ = {isa = PBXFileReference; lastKnownFileType = wrapper.framework; name = ParseUI.framework; path = "Pods/../build/Debug-iphoneos/ParseUI/ParseUI.framework"; sourceTree = "<group>"; };
		4C58A4A51EB049780029AE92 /* RouteCreator.swift */ = {isa = PBXFileReference; fileEncoding = 4; lastKnownFileType = sourcecode.swift; path = RouteCreator.swift; sourceTree = "<group>"; };
		4C58A4A71EB04BF60029AE92 /* Extensions.swift */ = {isa = PBXFileReference; fileEncoding = 4; lastKnownFileType = sourcecode.swift; path = Extensions.swift; sourceTree = "<group>"; };
		4C5E5DCE1E9D962100D519B3 /* ObjectiveAnnotation.swift */ = {isa = PBXFileReference; fileEncoding = 4; lastKnownFileType = sourcecode.swift; path = ObjectiveAnnotation.swift; sourceTree = "<group>"; };
		4C5E5DD01E9D9B7000D519B3 /* UserAnnotation.swift */ = {isa = PBXFileReference; fileEncoding = 4; lastKnownFileType = sourcecode.swift; path = UserAnnotation.swift; sourceTree = "<group>"; };
		4C9D17C01EAF269700BA9443 /* JSONParser.swift */ = {isa = PBXFileReference; fileEncoding = 4; lastKnownFileType = sourcecode.swift; path = JSONParser.swift; sourceTree = "<group>"; };
		4CA089331EA5D1B000DFC88A /* PlacesAPI.swift */ = {isa = PBXFileReference; fileEncoding = 4; lastKnownFileType = sourcecode.swift; path = PlacesAPI.swift; sourceTree = "<group>"; };
		4CABC2D61E9399D300CF8B19 /* LoginViewController.swift */ = {isa = PBXFileReference; fileEncoding = 4; lastKnownFileType = sourcecode.swift; path = LoginViewController.swift; sourceTree = "<group>"; };
		4CE667721E965EF1009135F0 /* GameSettingPublicTableViewCell.swift */ = {isa = PBXFileReference; fileEncoding = 4; lastKnownFileType = sourcecode.swift; path = GameSettingPublicTableViewCell.swift; sourceTree = "<group>"; };
		4CE667751E965F49009135F0 /* GameSettingPlayerCountTableViewCell.swift */ = {isa = PBXFileReference; fileEncoding = 4; lastKnownFileType = sourcecode.swift; path = GameSettingPlayerCountTableViewCell.swift; sourceTree = "<group>"; };
		4CE667771E965F5B009135F0 /* GameSettingLocationCountTableViewCell.swift */ = {isa = PBXFileReference; fileEncoding = 4; lastKnownFileType = sourcecode.swift; path = GameSettingLocationCountTableViewCell.swift; sourceTree = "<group>"; };
		4CE667791E965F77009135F0 /* GameSettingTimeLimitTableViewCell.swift */ = {isa = PBXFileReference; fileEncoding = 4; lastKnownFileType = sourcecode.swift; path = GameSettingTimeLimitTableViewCell.swift; sourceTree = "<group>"; };
		4CE6677B1E965FA0009135F0 /* GameSettingPowerupsTableViewCell.swift */ = {isa = PBXFileReference; fileEncoding = 4; lastKnownFileType = sourcecode.swift; path = GameSettingPowerupsTableViewCell.swift; sourceTree = "<group>"; };
		4CE6677D1E966F36009135F0 /* GlobalVars.swift */ = {isa = PBXFileReference; fileEncoding = 4; lastKnownFileType = sourcecode.swift; path = GlobalVars.swift; sourceTree = "<group>"; };
		4CF437F71EAF3ED800E185D2 /* ObjectiveFactory.swift */ = {isa = PBXFileReference; fileEncoding = 4; lastKnownFileType = sourcecode.swift; path = ObjectiveFactory.swift; sourceTree = "<group>"; };
		4CFEEAF81EA995A900EECA8C /* place.json */ = {isa = PBXFileReference; fileEncoding = 4; lastKnownFileType = text.json; path = place.json; sourceTree = "<group>"; };
		4CFEEAFC1EA9E0FD00EECA8C /* PlaceFactory.swift */ = {isa = PBXFileReference; fileEncoding = 4; lastKnownFileType = sourcecode.swift; path = PlaceFactory.swift; sourceTree = "<group>"; };
		4CFEEB051EA9F13600EECA8C /* PlaceRaceTests.xctest */ = {isa = PBXFileReference; explicitFileType = wrapper.cfbundle; includeInIndex = 0; path = PlaceRaceTests.xctest; sourceTree = BUILT_PRODUCTS_DIR; };
		4CFEEB091EA9F13700EECA8C /* Info.plist */ = {isa = PBXFileReference; lastKnownFileType = text.plist.xml; path = Info.plist; sourceTree = "<group>"; };
		4CFEEB0F1EA9F26200EECA8C /* ObjectiveTests.swift */ = {isa = PBXFileReference; fileEncoding = 4; lastKnownFileType = sourcecode.swift; path = ObjectiveTests.swift; sourceTree = "<group>"; };
		65787FD30CDB4D3AF3C860A0 /* Pods-PlaceRaceTests.release.xcconfig */ = {isa = PBXFileReference; includeInIndex = 1; lastKnownFileType = text.xcconfig; name = "Pods-PlaceRaceTests.release.xcconfig"; path = "Pods/Target Support Files/Pods-PlaceRaceTests/Pods-PlaceRaceTests.release.xcconfig"; sourceTree = "<group>"; };
		6BF3C0FF5BBFEA74F2B49E7C /* Pods-PlaceRace.release.xcconfig */ = {isa = PBXFileReference; includeInIndex = 1; lastKnownFileType = text.xcconfig; name = "Pods-PlaceRace.release.xcconfig"; path = "Pods/Target Support Files/Pods-PlaceRace/Pods-PlaceRace.release.xcconfig"; sourceTree = "<group>"; };
		8448B69CA910745F7F79CBB0 /* Pods-PlaceRaceTests.debug.xcconfig */ = {isa = PBXFileReference; includeInIndex = 1; lastKnownFileType = text.xcconfig; name = "Pods-PlaceRaceTests.debug.xcconfig"; path = "Pods/Target Support Files/Pods-PlaceRaceTests/Pods-PlaceRaceTests.debug.xcconfig"; sourceTree = "<group>"; };
		B74204DA117028ECED921A5E /* Pods-PlaceRace.debug.xcconfig */ = {isa = PBXFileReference; includeInIndex = 1; lastKnownFileType = text.xcconfig; name = "Pods-PlaceRace.debug.xcconfig"; path = "Pods/Target Support Files/Pods-PlaceRace/Pods-PlaceRace.debug.xcconfig"; sourceTree = "<group>"; };
		CE6EB81B6FC377B55AEF9FC7 /* Pods_PlaceRaceTests.framework */ = {isa = PBXFileReference; explicitFileType = wrapper.framework; includeInIndex = 0; path = Pods_PlaceRaceTests.framework; sourceTree = BUILT_PRODUCTS_DIR; };
		EE6D7C2AF8E56CD5EEE93E00 /* Pods_PlaceRace.framework */ = {isa = PBXFileReference; explicitFileType = wrapper.framework; includeInIndex = 0; path = Pods_PlaceRace.framework; sourceTree = BUILT_PRODUCTS_DIR; };
/* End PBXFileReference section */

/* Begin PBXFrameworksBuildPhase section */
		4C42875E1E9253E100A5323B /* Frameworks */ = {
			isa = PBXFrameworksBuildPhase;
			buildActionMask = 2147483647;
			files = (
				E53E4D680BD0057835DFE8A1 /* Pods_PlaceRace.framework in Frameworks */,
			);
			runOnlyForDeploymentPostprocessing = 0;
		};
		4CFEEB021EA9F13600EECA8C /* Frameworks */ = {
			isa = PBXFrameworksBuildPhase;
			buildActionMask = 2147483647;
			files = (
				189C172CC5668B92CB037A5A /* Pods_PlaceRaceTests.framework in Frameworks */,
			);
			runOnlyForDeploymentPostprocessing = 0;
		};
/* End PBXFrameworksBuildPhase section */

/* Begin PBXGroup section */
		4C0251F11E96B12B0066244A /* Create */ = {
			isa = PBXGroup;
			children = (
				4CE667741E965EFC009135F0 /* Game Options */,
				4C066F261E99A32E004D06A4 /* Game Lobby */,
			);
			name = Create;
			sourceTree = "<group>";
		};
		4C066F261E99A32E004D06A4 /* Game Lobby */ = {
			isa = PBXGroup;
			children = (
				4C066F241E99A328004D06A4 /* GameLobbyPlayerTableViewCell.swift */,
				4C21E1E31E9A9A62006F04AE /* LobbyInteractionClearanceLevel.swift */,
				4C21E1E71E9AFCA9006F04AE /* Race.swift */,
				4C21E1EB1E9B0309006F04AE /* Objective.swift */,
				4CF437F71EAF3ED800E185D2 /* ObjectiveFactory.swift */,
				4C58A4A51EB049780029AE92 /* RouteCreator.swift */,
			);
			name = "Game Lobby";
			sourceTree = "<group>";
		};
		4C11D1D51E943359005F7CC4 /* Model */ = {
			isa = PBXGroup;
			children = (
				4CA089331EA5D1B000DFC88A /* PlacesAPI.swift */,
				4C21E1F21E9C3D90006F04AE /* Play */,
				4C6FF24E1E95C9730043E7EA /* Signup */,
				4C0251F11E96B12B0066244A /* Create */,
				4C9D17C01EAF269700BA9443 /* JSONParser.swift */,
				4C58A4A71EB04BF60029AE92 /* Extensions.swift */,
			);
			name = Model;
			sourceTree = "<group>";
		};
		4C11D1DA1E954922005F7CC4 /* Profile */ = {
			isa = PBXGroup;
			children = (
			);
			name = Profile;
			sourceTree = "<group>";
		};
		4C11D1DB1E954933005F7CC4 /* Options */ = {
			isa = PBXGroup;
			children = (
			);
			name = Options;
			sourceTree = "<group>";
		};
		4C21E1F11E9C3CED006F04AE /* Play */ = {
			isa = PBXGroup;
			children = (
				4C21E1EF1E9C3CD9006F04AE /* InGameViewController.swift */,
			);
			name = Play;
			sourceTree = "<group>";
		};
		4C21E1F21E9C3D90006F04AE /* Play */ = {
			isa = PBXGroup;
			children = (
				4C21E1F31E9C3E2E006F04AE /* Minimap.swift */,
				4C21E1F51E9C55F0006F04AE /* Gamemap.swift */,
				4C5E5DCE1E9D962100D519B3 /* ObjectiveAnnotation.swift */,
				4C5E5DD01E9D9B7000D519B3 /* UserAnnotation.swift */,
			);
			name = Play;
			sourceTree = "<group>";
		};
		4C4287581E9253E100A5323B = {
			isa = PBXGroup;
			children = (
				4C4287631E9253E100A5323B /* PlaceRace */,
				4CFEEB061EA9F13700EECA8C /* PlaceRaceTests */,
				4C4287621E9253E100A5323B /* Products */,
				AC2A6D5C71A1A599D819DEBD /* Frameworks */,
				F2BB6BA63F89EDA717B18D4D /* Pods */,
			);
			sourceTree = "<group>";
		};
		4C4287621E9253E100A5323B /* Products */ = {
			isa = PBXGroup;
			children = (
				4C4287611E9253E100A5323B /* PlaceRace.app */,
				4CFEEB051EA9F13600EECA8C /* PlaceRaceTests.xctest */,
			);
			name = Products;
			sourceTree = "<group>";
		};
		4C4287631E9253E100A5323B /* PlaceRace */ = {
			isa = PBXGroup;
			children = (
				4C4287791E925E5900A5323B /* App Global */,
				4C42877A1E925E6800A5323B /* Controller */,
				4C11D1D51E943359005F7CC4 /* Model */,
				4C42877B1E925E7300A5323B /* View */,
			);
			path = PlaceRace;
			sourceTree = "<group>";
		};
		4C4287791E925E5900A5323B /* App Global */ = {
			isa = PBXGroup;
			children = (
				4CFEEAF71EA9958200EECA8C /* Resources */,
				4C4287641E9253E100A5323B /* AppDelegate.swift */,
				4C42876E1E9253E100A5323B /* Assets.xcassets */,
				4C4287731E9253E100A5323B /* Info.plist */,
				4C42876B1E9253E100A5323B /* PlaceRace.xcdatamodeld */,
				4C11D1D11E93D8C6005F7CC4 /* InputValidation.swift */,
				4CE6677D1E966F36009135F0 /* GlobalVars.swift */,
			);
			name = "App Global";
			sourceTree = "<group>";
		};
		4C42877A1E925E6800A5323B /* Controller */ = {
			isa = PBXGroup;
			children = (
				4C42877F1E9260D300A5323B /* Main Menu */,
			);
			name = Controller;
			sourceTree = "<group>";
		};
		4C42877B1E925E7300A5323B /* View */ = {
			isa = PBXGroup;
			children = (
				4C4287701E9253E100A5323B /* LaunchScreen.storyboard */,
				4C4287681E9253E100A5323B /* Main.storyboard */,
			);
			name = View;
			sourceTree = "<group>";
		};
		4C42877D1E92609B00A5323B /* Create */ = {
			isa = PBXGroup;
			children = (
				4C11D1DC1E954999005F7CC4 /* CreateGameViewController.swift */,
				4C0251EF1E96B11B0066244A /* CreatePlayAreaViewController.swift */,
				4C066F271E99B6BE004D06A4 /* GameLobbyViewController.swift */,
			);
			name = Create;
			sourceTree = "<group>";
		};
		4C42877E1E9260B900A5323B /* Join */ = {
			isa = PBXGroup;
			children = (
			);
			name = Join;
			sourceTree = "<group>";
		};
		4C42877F1E9260D300A5323B /* Main Menu */ = {
			isa = PBXGroup;
			children = (
				4C76C1331EA87AAF0003D945 /* API-Backend Communication */,
				4C21E1F11E9C3CED006F04AE /* Play */,
				4C6FF24D1E9599880043E7EA /* Menu */,
				4C11D1DB1E954933005F7CC4 /* Options */,
				4C11D1DA1E954922005F7CC4 /* Profile */,
				4C42877E1E9260B900A5323B /* Join */,
				4C42877D1E92609B00A5323B /* Create */,
			);
			name = "Main Menu";
			sourceTree = "<group>";
		};
		4C6FF24D1E9599880043E7EA /* Menu */ = {
			isa = PBXGroup;
			children = (
				4C4287661E9253E100A5323B /* MainMenuViewController.swift */,
				4CABC2D61E9399D300CF8B19 /* LoginViewController.swift */,
				4C11D1D31E93EC6B005F7CC4 /* SignupViewController.swift */,
			);
			name = Menu;
			sourceTree = "<group>";
		};
		4C6FF24E1E95C9730043E7EA /* Signup */ = {
			isa = PBXGroup;
			children = (
				4C11D1D61E9433E4005F7CC4 /* TextViewManager.swift */,
				4C11D1D81E9435D2005F7CC4 /* SignupIssue.swift */,
			);
			name = Signup;
			sourceTree = "<group>";
		};
		4C76C1331EA87AAF0003D945 /* API-Backend Communication */ = {
			isa = PBXGroup;
			children = (
				4CFEEAFC1EA9E0FD00EECA8C /* PlaceFactory.swift */,
			);
			name = "API-Backend Communication";
			sourceTree = "<group>";
		};
		4CE667741E965EFC009135F0 /* Game Options */ = {
			isa = PBXGroup;
			children = (
				4CE667721E965EF1009135F0 /* GameSettingPublicTableViewCell.swift */,
				4CE667751E965F49009135F0 /* GameSettingPlayerCountTableViewCell.swift */,
				4CE667771E965F5B009135F0 /* GameSettingLocationCountTableViewCell.swift */,
				4CE667791E965F77009135F0 /* GameSettingTimeLimitTableViewCell.swift */,
				4CE6677B1E965FA0009135F0 /* GameSettingPowerupsTableViewCell.swift */,
				4C066F221E998C09004D06A4 /* GameSettingPlayFieldTableViewCell.swift */,
			);
			name = "Game Options";
			sourceTree = "<group>";
		};
		4CFEEAF71EA9958200EECA8C /* Resources */ = {
			isa = PBXGroup;
			children = (
				4CFEEAF81EA995A900EECA8C /* place.json */,
			);
			name = Resources;
			sourceTree = "<group>";
		};
		4CFEEB061EA9F13700EECA8C /* PlaceRaceTests */ = {
			isa = PBXGroup;
			children = (
				4CFEEB091EA9F13700EECA8C /* Info.plist */,
				4CFEEB0F1EA9F26200EECA8C /* ObjectiveTests.swift */,
			);
			path = PlaceRaceTests;
			sourceTree = "<group>";
		};
		AC2A6D5C71A1A599D819DEBD /* Frameworks */ = {
			isa = PBXGroup;
			children = (
				4C56DCCA1E92D2E600344232 /* Bolts.framework */,
				4C56DCCB1E92D2E600344232 /* Parse.framework */,
				4C56DCCC1E92D2E600344232 /* ParseUI.framework */,
				EE6D7C2AF8E56CD5EEE93E00 /* Pods_PlaceRace.framework */,
				CE6EB81B6FC377B55AEF9FC7 /* Pods_PlaceRaceTests.framework */,
			);
			name = Frameworks;
			sourceTree = "<group>";
		};
		F2BB6BA63F89EDA717B18D4D /* Pods */ = {
			isa = PBXGroup;
			children = (
				B74204DA117028ECED921A5E /* Pods-PlaceRace.debug.xcconfig */,
				6BF3C0FF5BBFEA74F2B49E7C /* Pods-PlaceRace.release.xcconfig */,
				8448B69CA910745F7F79CBB0 /* Pods-PlaceRaceTests.debug.xcconfig */,
				65787FD30CDB4D3AF3C860A0 /* Pods-PlaceRaceTests.release.xcconfig */,
			);
			name = Pods;
			sourceTree = "<group>";
		};
/* End PBXGroup section */

/* Begin PBXNativeTarget section */
		4C4287601E9253E100A5323B /* PlaceRace */ = {
			isa = PBXNativeTarget;
			buildConfigurationList = 4C4287761E9253E100A5323B /* Build configuration list for PBXNativeTarget "PlaceRace" */;
			buildPhases = (
				D83D1B4794260A550FDB4861 /* [CP] Check Pods Manifest.lock */,
				4C42875D1E9253E100A5323B /* Sources */,
				4C42875E1E9253E100A5323B /* Frameworks */,
				4C42875F1E9253E100A5323B /* Resources */,
				E5AE8BF9426E839AF79F9AE5 /* [CP] Embed Pods Frameworks */,
				12F8FF779D6F87318C818066 /* [CP] Copy Pods Resources */,
			);
			buildRules = (
			);
			dependencies = (
			);
			name = PlaceRace;
			productName = PlaceRace;
			productReference = 4C4287611E9253E100A5323B /* PlaceRace.app */;
			productType = "com.apple.product-type.application";
		};
		4CFEEB041EA9F13600EECA8C /* PlaceRaceTests */ = {
			isa = PBXNativeTarget;
			buildConfigurationList = 4CFEEB0C1EA9F13700EECA8C /* Build configuration list for PBXNativeTarget "PlaceRaceTests" */;
			buildPhases = (
				B1FF6725AF3C4D29942ED725 /* [CP] Check Pods Manifest.lock */,
				4CFEEB011EA9F13600EECA8C /* Sources */,
				4CFEEB021EA9F13600EECA8C /* Frameworks */,
				4CFEEB031EA9F13600EECA8C /* Resources */,
				483699E1F4C72F2E0D8507E6 /* [CP] Embed Pods Frameworks */,
				1B6EE7A2B7C5B3231265E762 /* [CP] Copy Pods Resources */,
			);
			buildRules = (
			);
			dependencies = (
				4CFEEB0B1EA9F13700EECA8C /* PBXTargetDependency */,
			);
			name = PlaceRaceTests;
			productName = PlaceRaceTests;
			productReference = 4CFEEB051EA9F13600EECA8C /* PlaceRaceTests.xctest */;
			productType = "com.apple.product-type.bundle.unit-test";
		};
/* End PBXNativeTarget section */

/* Begin PBXProject section */
		4C4287591E9253E100A5323B /* Project object */ = {
			isa = PBXProject;
			attributes = {
				LastSwiftUpdateCheck = 0820;
				LastUpgradeCheck = 0820;
				ORGANIZATIONNAME = "Michael Sweeney";
				TargetAttributes = {
					4C4287601E9253E100A5323B = {
						CreatedOnToolsVersion = 8.2.1;
						DevelopmentTeam = NXQBD8W8TS;
						ProvisioningStyle = Automatic;
					};
					4CFEEB041EA9F13600EECA8C = {
						CreatedOnToolsVersion = 8.2.1;
						DevelopmentTeam = NXQBD8W8TS;
						LastSwiftMigration = 0820;
						ProvisioningStyle = Automatic;
						TestTargetID = 4C4287601E9253E100A5323B;
					};
				};
			};
			buildConfigurationList = 4C42875C1E9253E100A5323B /* Build configuration list for PBXProject "PlaceRace" */;
			compatibilityVersion = "Xcode 3.2";
			developmentRegion = English;
			hasScannedForEncodings = 0;
			knownRegions = (
				en,
				Base,
			);
			mainGroup = 4C4287581E9253E100A5323B;
			productRefGroup = 4C4287621E9253E100A5323B /* Products */;
			projectDirPath = "";
			projectRoot = "";
			targets = (
				4C4287601E9253E100A5323B /* PlaceRace */,
				4CFEEB041EA9F13600EECA8C /* PlaceRaceTests */,
			);
		};
/* End PBXProject section */

/* Begin PBXResourcesBuildPhase section */
		4C42875F1E9253E100A5323B /* Resources */ = {
			isa = PBXResourcesBuildPhase;
			buildActionMask = 2147483647;
			files = (
				4C4287721E9253E100A5323B /* LaunchScreen.storyboard in Resources */,
				4C42876F1E9253E100A5323B /* Assets.xcassets in Resources */,
				4C42876A1E9253E100A5323B /* Main.storyboard in Resources */,
				4CFEEAF91EA995A900EECA8C /* place.json in Resources */,
			);
			runOnlyForDeploymentPostprocessing = 0;
		};
		4CFEEB031EA9F13600EECA8C /* Resources */ = {
			isa = PBXResourcesBuildPhase;
			buildActionMask = 2147483647;
			files = (
			);
			runOnlyForDeploymentPostprocessing = 0;
		};
/* End PBXResourcesBuildPhase section */

/* Begin PBXShellScriptBuildPhase section */
		12F8FF779D6F87318C818066 /* [CP] Copy Pods Resources */ = {
			isa = PBXShellScriptBuildPhase;
			buildActionMask = 2147483647;
			files = (
			);
			inputPaths = (
			);
			name = "[CP] Copy Pods Resources";
			outputPaths = (
			);
			runOnlyForDeploymentPostprocessing = 0;
			shellPath = /bin/sh;
			shellScript = "\"${SRCROOT}/Pods/Target Support Files/Pods-PlaceRace/Pods-PlaceRace-resources.sh\"\n";
			showEnvVarsInLog = 0;
		};
		1B6EE7A2B7C5B3231265E762 /* [CP] Copy Pods Resources */ = {
			isa = PBXShellScriptBuildPhase;
			buildActionMask = 2147483647;
			files = (
			);
			inputPaths = (
			);
			name = "[CP] Copy Pods Resources";
			outputPaths = (
			);
			runOnlyForDeploymentPostprocessing = 0;
			shellPath = /bin/sh;
			shellScript = "\"${SRCROOT}/Pods/Target Support Files/Pods-PlaceRaceTests/Pods-PlaceRaceTests-resources.sh\"\n";
			showEnvVarsInLog = 0;
		};
		483699E1F4C72F2E0D8507E6 /* [CP] Embed Pods Frameworks */ = {
			isa = PBXShellScriptBuildPhase;
			buildActionMask = 2147483647;
			files = (
			);
			inputPaths = (
			);
			name = "[CP] Embed Pods Frameworks";
			outputPaths = (
			);
			runOnlyForDeploymentPostprocessing = 0;
			shellPath = /bin/sh;
			shellScript = "\"${SRCROOT}/Pods/Target Support Files/Pods-PlaceRaceTests/Pods-PlaceRaceTests-frameworks.sh\"\n";
			showEnvVarsInLog = 0;
		};
		B1FF6725AF3C4D29942ED725 /* [CP] Check Pods Manifest.lock */ = {
			isa = PBXShellScriptBuildPhase;
			buildActionMask = 2147483647;
			files = (
			);
			inputPaths = (
			);
			name = "[CP] Check Pods Manifest.lock";
			outputPaths = (
			);
			runOnlyForDeploymentPostprocessing = 0;
			shellPath = /bin/sh;
			shellScript = "diff \"${PODS_ROOT}/../Podfile.lock\" \"${PODS_ROOT}/Manifest.lock\" > /dev/null\nif [ $? != 0 ] ; then\n    # print error to STDERR\n    echo \"error: The sandbox is not in sync with the Podfile.lock. Run 'pod install' or update your CocoaPods installation.\" >&2\n    exit 1\nfi\n";
			showEnvVarsInLog = 0;
		};
		D83D1B4794260A550FDB4861 /* [CP] Check Pods Manifest.lock */ = {
			isa = PBXShellScriptBuildPhase;
			buildActionMask = 2147483647;
			files = (
			);
			inputPaths = (
			);
			name = "[CP] Check Pods Manifest.lock";
			outputPaths = (
			);
			runOnlyForDeploymentPostprocessing = 0;
			shellPath = /bin/sh;
			shellScript = "diff \"${PODS_ROOT}/../Podfile.lock\" \"${PODS_ROOT}/Manifest.lock\" > /dev/null\nif [ $? != 0 ] ; then\n    # print error to STDERR\n    echo \"error: The sandbox is not in sync with the Podfile.lock. Run 'pod install' or update your CocoaPods installation.\" >&2\n    exit 1\nfi\n";
			showEnvVarsInLog = 0;
		};
		E5AE8BF9426E839AF79F9AE5 /* [CP] Embed Pods Frameworks */ = {
			isa = PBXShellScriptBuildPhase;
			buildActionMask = 2147483647;
			files = (
			);
			inputPaths = (
			);
			name = "[CP] Embed Pods Frameworks";
			outputPaths = (
			);
			runOnlyForDeploymentPostprocessing = 0;
			shellPath = /bin/sh;
			shellScript = "\"${SRCROOT}/Pods/Target Support Files/Pods-PlaceRace/Pods-PlaceRace-frameworks.sh\"\n";
			showEnvVarsInLog = 0;
		};
/* End PBXShellScriptBuildPhase section */

/* Begin PBXSourcesBuildPhase section */
		4C42875D1E9253E100A5323B /* Sources */ = {
			isa = PBXSourcesBuildPhase;
			buildActionMask = 2147483647;
			files = (
				4C11D1DD1E954999005F7CC4 /* CreateGameViewController.swift in Sources */,
				4C21E1E81E9AFCA9006F04AE /* Race.swift in Sources */,
				4C9D17C11EAF269700BA9443 /* JSONParser.swift in Sources */,
				4C21E1F61E9C55F0006F04AE /* Gamemap.swift in Sources */,
				4CF437F81EAF3ED800E185D2 /* ObjectiveFactory.swift in Sources */,
				4CE667731E965EF1009135F0 /* GameSettingPublicTableViewCell.swift in Sources */,
				4C066F281E99B6BE004D06A4 /* GameLobbyViewController.swift in Sources */,
				4C11D1D41E93EC6B005F7CC4 /* SignupViewController.swift in Sources */,
				4CE6677C1E965FA0009135F0 /* GameSettingPowerupsTableViewCell.swift in Sources */,
				4CE6677E1E966F36009135F0 /* GlobalVars.swift in Sources */,
				4CABC2D71E9399D300CF8B19 /* LoginViewController.swift in Sources */,
				4C42876D1E9253E100A5323B /* PlaceRace.xcdatamodeld in Sources */,
				4C58A4A61EB049780029AE92 /* RouteCreator.swift in Sources */,
				4C21E1EC1E9B0309006F04AE /* Objective.swift in Sources */,
				4C5E5DD11E9D9B7000D519B3 /* UserAnnotation.swift in Sources */,
				4CFEEAFD1EA9E0FD00EECA8C /* PlaceFactory.swift in Sources */,
				4C11D1D91E9435D2005F7CC4 /* SignupIssue.swift in Sources */,
				4CE667761E965F49009135F0 /* GameSettingPlayerCountTableViewCell.swift in Sources */,
				4C21E1F41E9C3E2E006F04AE /* Minimap.swift in Sources */,
				4C066F231E998C09004D06A4 /* GameSettingPlayFieldTableViewCell.swift in Sources */,
				4CE667781E965F5B009135F0 /* GameSettingLocationCountTableViewCell.swift in Sources */,
				4C21E1F01E9C3CD9006F04AE /* InGameViewController.swift in Sources */,
				4C5E5DCF1E9D962100D519B3 /* ObjectiveAnnotation.swift in Sources */,
				4CE6677A1E965F77009135F0 /* GameSettingTimeLimitTableViewCell.swift in Sources */,
				4C0251F01E96B11B0066244A /* CreatePlayAreaViewController.swift in Sources */,
				4C066F251E99A328004D06A4 /* GameLobbyPlayerTableViewCell.swift in Sources */,
				4C11D1D71E9433E4005F7CC4 /* TextViewManager.swift in Sources */,
				4C4287671E9253E100A5323B /* MainMenuViewController.swift in Sources */,
				4C21E1E41E9A9A62006F04AE /* LobbyInteractionClearanceLevel.swift in Sources */,
				4C11D1D21E93D8C6005F7CC4 /* InputValidation.swift in Sources */,
				4CA089341EA5D1B000DFC88A /* PlacesAPI.swift in Sources */,
				4C58A4A81EB04BF60029AE92 /* Extensions.swift in Sources */,
				4C4287651E9253E100A5323B /* AppDelegate.swift in Sources */,
			);
			runOnlyForDeploymentPostprocessing = 0;
		};
		4CFEEB011EA9F13600EECA8C /* Sources */ = {
			isa = PBXSourcesBuildPhase;
			buildActionMask = 2147483647;
			files = (
				4CFEEB101EA9F26200EECA8C /* ObjectiveTests.swift in Sources */,
			);
			runOnlyForDeploymentPostprocessing = 0;
		};
/* End PBXSourcesBuildPhase section */

/* Begin PBXTargetDependency section */
		4CFEEB0B1EA9F13700EECA8C /* PBXTargetDependency */ = {
			isa = PBXTargetDependency;
			target = 4C4287601E9253E100A5323B /* PlaceRace */;
			targetProxy = 4CFEEB0A1EA9F13700EECA8C /* PBXContainerItemProxy */;
		};
/* End PBXTargetDependency section */

/* Begin PBXVariantGroup section */
		4C4287681E9253E100A5323B /* Main.storyboard */ = {
			isa = PBXVariantGroup;
			children = (
				4C4287691E9253E100A5323B /* Base */,
			);
			name = Main.storyboard;
			sourceTree = "<group>";
		};
		4C4287701E9253E100A5323B /* LaunchScreen.storyboard */ = {
			isa = PBXVariantGroup;
			children = (
				4C4287711E9253E100A5323B /* Base */,
			);
			name = LaunchScreen.storyboard;
			sourceTree = "<group>";
		};
/* End PBXVariantGroup section */

/* Begin XCBuildConfiguration section */
		4C4287741E9253E100A5323B /* Debug */ = {
			isa = XCBuildConfiguration;
			buildSettings = {
				ALWAYS_SEARCH_USER_PATHS = NO;
				CLANG_ANALYZER_NONNULL = YES;
				CLANG_CXX_LANGUAGE_STANDARD = "gnu++0x";
				CLANG_CXX_LIBRARY = "libc++";
				CLANG_ENABLE_MODULES = YES;
				CLANG_ENABLE_OBJC_ARC = YES;
				CLANG_WARN_BOOL_CONVERSION = YES;
				CLANG_WARN_CONSTANT_CONVERSION = YES;
				CLANG_WARN_DIRECT_OBJC_ISA_USAGE = YES_ERROR;
				CLANG_WARN_DOCUMENTATION_COMMENTS = YES;
				CLANG_WARN_EMPTY_BODY = YES;
				CLANG_WARN_ENUM_CONVERSION = YES;
				CLANG_WARN_INFINITE_RECURSION = YES;
				CLANG_WARN_INT_CONVERSION = YES;
				CLANG_WARN_OBJC_ROOT_CLASS = YES_ERROR;
				CLANG_WARN_SUSPICIOUS_MOVE = YES;
				CLANG_WARN_UNREACHABLE_CODE = YES;
				CLANG_WARN__DUPLICATE_METHOD_MATCH = YES;
				"CODE_SIGN_IDENTITY[sdk=iphoneos*]" = "iPhone Developer";
				COPY_PHASE_STRIP = NO;
				DEBUG_INFORMATION_FORMAT = dwarf;
				ENABLE_STRICT_OBJC_MSGSEND = YES;
				ENABLE_TESTABILITY = YES;
				GCC_C_LANGUAGE_STANDARD = gnu99;
				GCC_DYNAMIC_NO_PIC = NO;
				GCC_NO_COMMON_BLOCKS = YES;
				GCC_OPTIMIZATION_LEVEL = 0;
				GCC_PREPROCESSOR_DEFINITIONS = (
					"DEBUG=1",
					"$(inherited)",
				);
				GCC_WARN_64_TO_32_BIT_CONVERSION = YES;
				GCC_WARN_ABOUT_RETURN_TYPE = YES_ERROR;
				GCC_WARN_UNDECLARED_SELECTOR = YES;
				GCC_WARN_UNINITIALIZED_AUTOS = YES_AGGRESSIVE;
				GCC_WARN_UNUSED_FUNCTION = YES;
				GCC_WARN_UNUSED_VARIABLE = YES;
				IPHONEOS_DEPLOYMENT_TARGET = 10.2;
				MTL_ENABLE_DEBUG_INFO = YES;
				ONLY_ACTIVE_ARCH = YES;
				SDKROOT = iphoneos;
				SWIFT_ACTIVE_COMPILATION_CONDITIONS = DEBUG;
				SWIFT_OPTIMIZATION_LEVEL = "-Onone";
				TARGETED_DEVICE_FAMILY = "1,2";
			};
			name = Debug;
		};
		4C4287751E9253E100A5323B /* Release */ = {
			isa = XCBuildConfiguration;
			buildSettings = {
				ALWAYS_SEARCH_USER_PATHS = NO;
				CLANG_ANALYZER_NONNULL = YES;
				CLANG_CXX_LANGUAGE_STANDARD = "gnu++0x";
				CLANG_CXX_LIBRARY = "libc++";
				CLANG_ENABLE_MODULES = YES;
				CLANG_ENABLE_OBJC_ARC = YES;
				CLANG_WARN_BOOL_CONVERSION = YES;
				CLANG_WARN_CONSTANT_CONVERSION = YES;
				CLANG_WARN_DIRECT_OBJC_ISA_USAGE = YES_ERROR;
				CLANG_WARN_DOCUMENTATION_COMMENTS = YES;
				CLANG_WARN_EMPTY_BODY = YES;
				CLANG_WARN_ENUM_CONVERSION = YES;
				CLANG_WARN_INFINITE_RECURSION = YES;
				CLANG_WARN_INT_CONVERSION = YES;
				CLANG_WARN_OBJC_ROOT_CLASS = YES_ERROR;
				CLANG_WARN_SUSPICIOUS_MOVE = YES;
				CLANG_WARN_UNREACHABLE_CODE = YES;
				CLANG_WARN__DUPLICATE_METHOD_MATCH = YES;
				"CODE_SIGN_IDENTITY[sdk=iphoneos*]" = "iPhone Developer";
				COPY_PHASE_STRIP = NO;
				DEBUG_INFORMATION_FORMAT = "dwarf-with-dsym";
				ENABLE_NS_ASSERTIONS = NO;
				ENABLE_STRICT_OBJC_MSGSEND = YES;
				GCC_C_LANGUAGE_STANDARD = gnu99;
				GCC_NO_COMMON_BLOCKS = YES;
				GCC_WARN_64_TO_32_BIT_CONVERSION = YES;
				GCC_WARN_ABOUT_RETURN_TYPE = YES_ERROR;
				GCC_WARN_UNDECLARED_SELECTOR = YES;
				GCC_WARN_UNINITIALIZED_AUTOS = YES_AGGRESSIVE;
				GCC_WARN_UNUSED_FUNCTION = YES;
				GCC_WARN_UNUSED_VARIABLE = YES;
				IPHONEOS_DEPLOYMENT_TARGET = 10.2;
				MTL_ENABLE_DEBUG_INFO = NO;
				SDKROOT = iphoneos;
				SWIFT_OPTIMIZATION_LEVEL = "-Owholemodule";
				TARGETED_DEVICE_FAMILY = "1,2";
				VALIDATE_PRODUCT = YES;
			};
			name = Release;
		};
		4C4287771E9253E100A5323B /* Debug */ = {
			isa = XCBuildConfiguration;
			baseConfigurationReference = B74204DA117028ECED921A5E /* Pods-PlaceRace.debug.xcconfig */;
			buildSettings = {
				ALWAYS_EMBED_SWIFT_STANDARD_LIBRARIES = NO;
				ASSETCATALOG_COMPILER_APPICON_NAME = AppIcon;
				DEVELOPMENT_TEAM = NXQBD8W8TS;
				FRAMEWORK_SEARCH_PATHS = (
					"\"$PODS_CONFIGURATION_BUILD_DIR/Bolts\"",
					"\"$PODS_CONFIGURATION_BUILD_DIR/Parse\"",
					"\"$PODS_CONFIGURATION_BUILD_DIR/ParseUI\"",
				);
				INFOPLIST_FILE = PlaceRace/Info.plist;
				IPHONEOS_DEPLOYMENT_TARGET = 10.0;
				LD_RUNPATH_SEARCH_PATHS = "$(inherited) @executable_path/Frameworks";
				MACH_O_TYPE = mh_execute;
				PRODUCT_BUNDLE_IDENTIFIER = sweeney.PlaceRace;
				PRODUCT_NAME = "$(TARGET_NAME)";
				SWIFT_VERSION = 3.0;
			};
			name = Debug;
		};
		4C4287781E9253E100A5323B /* Release */ = {
			isa = XCBuildConfiguration;
			baseConfigurationReference = 6BF3C0FF5BBFEA74F2B49E7C /* Pods-PlaceRace.release.xcconfig */;
			buildSettings = {
				ALWAYS_EMBED_SWIFT_STANDARD_LIBRARIES = NO;
				ASSETCATALOG_COMPILER_APPICON_NAME = AppIcon;
				DEVELOPMENT_TEAM = NXQBD8W8TS;
				FRAMEWORK_SEARCH_PATHS = (
					"\"$PODS_CONFIGURATION_BUILD_DIR/Bolts\"",
					"\"$PODS_CONFIGURATION_BUILD_DIR/Parse\"",
					"\"$PODS_CONFIGURATION_BUILD_DIR/ParseUI\"",
				);
				INFOPLIST_FILE = PlaceRace/Info.plist;
				IPHONEOS_DEPLOYMENT_TARGET = 10.0;
				LD_RUNPATH_SEARCH_PATHS = "$(inherited) @executable_path/Frameworks";
				MACH_O_TYPE = mh_execute;
				PRODUCT_BUNDLE_IDENTIFIER = sweeney.PlaceRace;
				PRODUCT_NAME = "$(TARGET_NAME)";
				SWIFT_VERSION = 3.0;
			};
			name = Release;
		};
		4CFEEB0D1EA9F13700EECA8C /* Debug */ = {
			isa = XCBuildConfiguration;
			baseConfigurationReference = 8448B69CA910745F7F79CBB0 /* Pods-PlaceRaceTests.debug.xcconfig */;
			buildSettings = {
				BUNDLE_LOADER = "$(TEST_HOST)";
				CLANG_ENABLE_MODULES = YES;
				DEVELOPMENT_TEAM = NXQBD8W8TS;
				INFOPLIST_FILE = PlaceRaceTests/Info.plist;
				LD_RUNPATH_SEARCH_PATHS = "$(inherited) @executable_path/Frameworks @loader_path/Frameworks";
				PRODUCT_BUNDLE_IDENTIFIER = sweeney.PlaceRaceTests;
				PRODUCT_NAME = "$(TARGET_NAME)";
				SWIFT_OPTIMIZATION_LEVEL = "-Onone";
				SWIFT_VERSION = 3.0;
				TEST_HOST = "$(BUILT_PRODUCTS_DIR)/PlaceRace.app/PlaceRace";
			};
			name = Debug;
		};
		4CFEEB0E1EA9F13700EECA8C /* Release */ = {
			isa = XCBuildConfiguration;
			baseConfigurationReference = 65787FD30CDB4D3AF3C860A0 /* Pods-PlaceRaceTests.release.xcconfig */;
			buildSettings = {
				BUNDLE_LOADER = "$(TEST_HOST)";
				CLANG_ENABLE_MODULES = YES;
				DEVELOPMENT_TEAM = NXQBD8W8TS;
				INFOPLIST_FILE = PlaceRaceTests/Info.plist;
				LD_RUNPATH_SEARCH_PATHS = "$(inherited) @executable_path/Frameworks @loader_path/Frameworks";
				PRODUCT_BUNDLE_IDENTIFIER = sweeney.PlaceRaceTests;
				PRODUCT_NAME = "$(TARGET_NAME)";
				SWIFT_VERSION = 3.0;
				TEST_HOST = "$(BUILT_PRODUCTS_DIR)/PlaceRace.app/PlaceRace";
			};
			name = Release;
		};
/* End XCBuildConfiguration section */

/* Begin XCConfigurationList section */
		4C42875C1E9253E100A5323B /* Build configuration list for PBXProject "PlaceRace" */ = {
			isa = XCConfigurationList;
			buildConfigurations = (
				4C4287741E9253E100A5323B /* Debug */,
				4C4287751E9253E100A5323B /* Release */,
			);
			defaultConfigurationIsVisible = 0;
			defaultConfigurationName = Release;
		};
		4C4287761E9253E100A5323B /* Build configuration list for PBXNativeTarget "PlaceRace" */ = {
			isa = XCConfigurationList;
			buildConfigurations = (
				4C4287771E9253E100A5323B /* Debug */,
				4C4287781E9253E100A5323B /* Release */,
			);
			defaultConfigurationIsVisible = 0;
			defaultConfigurationName = Release;
		};
		4CFEEB0C1EA9F13700EECA8C /* Build configuration list for PBXNativeTarget "PlaceRaceTests" */ = {
			isa = XCConfigurationList;
			buildConfigurations = (
				4CFEEB0D1EA9F13700EECA8C /* Debug */,
				4CFEEB0E1EA9F13700EECA8C /* Release */,
			);
			defaultConfigurationIsVisible = 0;
			defaultConfigurationName = Release;
		};
/* End XCConfigurationList section */

/* Begin XCVersionGroup section */
		4C42876B1E9253E100A5323B /* PlaceRace.xcdatamodeld */ = {
			isa = XCVersionGroup;
			children = (
				4C42876C1E9253E100A5323B /* PlaceRace.xcdatamodel */,
			);
			currentVersion = 4C42876C1E9253E100A5323B /* PlaceRace.xcdatamodel */;
			path = PlaceRace.xcdatamodeld;
			sourceTree = "<group>";
			versionGroupType = wrapper.xcdatamodel;
		};
/* End XCVersionGroup section */
	};
	rootObject = 4C4287591E9253E100A5323B /* Project object */;
}
